
Microsoft Visual Studio Solution File, Format Version 12.00
# Visual Studio Version 16
VisualStudioVersion = 16.0.29201.188
MinimumVisualStudioVersion = 10.0.40219.1
Project("{FAE04EC0-301F-11D3-BF4B-00C04F79EFBC}") = "testORM", "testORM\testORM.csproj", "{9B68E4DD-BA9B-4E30-A5CE-EDF1A856D65D}"
EndProject
Project("{FAE04EC0-301F-11D3-BF4B-00C04F79EFBC}") = "WebMVC", "WebMVC\WebMVC.csproj", "{67763F37-E243-482D-9102-17FF760C41C6}"
EndProject
Project("{FAE04EC0-301F-11D3-BF4B-00C04F79EFBC}") = "WebMVCAutofac", "WebMVCAutofac\WebMVCAutofac.csproj", "{4F077D84-E0E5-4D73-88A3-14C832238338}"
EndProject
Project("{FAE04EC0-301F-11D3-BF4B-00C04F79EFBC}") = "WebMVCOwinAutofac", "WebMVCOwinAutofac\WebMVCOwinAutofac.csproj", "{F0E9F17F-4192-481E-8666-C7C5D5ED0C6F}"
EndProject
Project("{9A19103F-16F7-4668-BE54-9A1E7A4F7556}") = "WebCore", "WebCore\WebCore.csproj", "{A36951FA-36D1-4D7E-8487-1E800DBB15C3}"
EndProject
Project("{9A19103F-16F7-4668-BE54-9A1E7A4F7556}") = "EasyNetQMessages", "EasyNetQMessages\EasyNetQMessages.csproj", "{1509FD74-B7DE-4C05-9490-B3F34E588C22}"
EndProject
Project("{9A19103F-16F7-4668-BE54-9A1E7A4F7556}") = "EasyNetQPublisher", "EasyNetQPublisher\EasyNetQPublisher.csproj", "{72FB4C9F-BA6D-4C1A-B9A0-A7433D3F1678}"
EndProject
Project("{9A19103F-16F7-4668-BE54-9A1E7A4F7556}") = "EasyNetQSubscriber", "EasyNetQSubscriber\EasyNetQSubscriber.csproj", "{D554D7E0-3369-4AA8-830F-5482E315CD9B}"
EndProject
Project("{FAE04EC0-301F-11D3-BF4B-00C04F79EFBC}") = "TestTopshelf", "TestTopshelf\TestTopshelf.csproj", "{8CAF83CA-F13A-406F-BB9B-B9F1467C4FF6}"
EndProject
Project("{9A19103F-16F7-4668-BE54-9A1E7A4F7556}") = "MQTTSubscriber", "MQTTClient\MQTTSubscriber.csproj", "{9F33B4A9-7072-48CF-B656-ECEBADE0D59C}"
EndProject
Project("{9A19103F-16F7-4668-BE54-9A1E7A4F7556}") = "COAPSubscriber", "COAPSubscriber\COAPSubscriber.csproj", "{3698E663-6A23-4EA1-AC52-827B98A1B774}"
EndProject
Project("{9A19103F-16F7-4668-BE54-9A1E7A4F7556}") = "TestLeetCode", "leetcode-cn\TestLeetCode\TestLeetCode.csproj", "{D9A1469E-AC43-4766-8C09-E51293259C7B}"
EndProject
Project("{9A19103F-16F7-4668-BE54-9A1E7A4F7556}") = "Zx2642UtilsScripts", "Zx2642UtilsScripts\Zx2642UtilsScripts.csproj", "{E1DFC1B9-2782-4E47-8361-E77DCA57A6CA}"
EndProject
Project("{FAE04EC0-301F-11D3-BF4B-00C04F79EFBC}") = "Zx2642DatabaseImportExport", "Zx2642DatabaseImportExport\Zx2642DatabaseImportExport.csproj", "{0DA8BB19-6BB7-4257-892D-789243162EC1}"
EndProject
Project("{9A19103F-16F7-4668-BE54-9A1E7A4F7556}") = "DotNettyServer", "DotNettyServer\DotNettyServer.csproj", "{E97E8448-F215-4F57-BF5D-C4A559935BBA}"
EndProject
Project("{9A19103F-16F7-4668-BE54-9A1E7A4F7556}") = "DotNettyClient", "DotNettyClient\DotNettyClient.csproj", "{04A630C0-2AA3-4938-826E-DA4262D7DBC8}"
EndProject
Project("{9A19103F-16F7-4668-BE54-9A1E7A4F7556}") = "DotNettyShared", "DotNettyShared\DotNettyShared.csproj", "{900E0A1B-2114-4BA9-AA96-449AE7075819}"
EndProject
Project("{9A19103F-16F7-4668-BE54-9A1E7A4F7556}") = "TestMath.Net", "TestMath.Net\TestMath.Net.csproj", "{7665FA2B-80F3-46CF-8D4E-676BC13A9914}"
EndProject
Project("{FAE04EC0-301F-11D3-BF4B-00C04F79EFBC}") = "EasyNetQSubscriber4.6", "EasyNetQSubscriber4.6\EasyNetQSubscriber4.6.csproj", "{DC53524C-292D-415E-9A41-C47DADEC9BAC}"
EndProject
Project("{9A19103F-16F7-4668-BE54-9A1E7A4F7556}") = "Moons.Common20", "Moons.Common20\Moons.Common20.csproj", "{CD36B657-1352-4DD4-A760-B3E01A3FC824}"
EndProject
Project("{9A19103F-16F7-4668-BE54-9A1E7A4F7556}") = "EasyNetQMessages2", "EasyNetQMessages2\EasyNetQMessages2.csproj", "{D5829110-4277-4DAA-A702-2FA7AB3B1764}"
EndProject
Project("{9A19103F-16F7-4668-BE54-9A1E7A4F7556}") = "AnalysisAlgorithm", "AnalysisAlgorithm\AnalysisAlgorithm.csproj", "{5C6CF8A2-4737-4406-9420-D7CB91417122}"
EndProject
Project("{9A19103F-16F7-4668-BE54-9A1E7A4F7556}") = "AnalysisAlgorithm.Tests", "AnalysisAlgorithm.Tests\AnalysisAlgorithm.Tests.csproj", "{DB1B1A74-AC0F-4227-BEB2-F269FC708981}"
EndProject
Project("{9A19103F-16F7-4668-BE54-9A1E7A4F7556}") = "AnalysisData", "AnalysisData\AnalysisData.csproj", "{F42D3358-C926-4279-8581-AD1E8FF4D124}"
EndProject
Project("{9A19103F-16F7-4668-BE54-9A1E7A4F7556}") = "AnalysisUtils", "AnalysisUtils\AnalysisUtils.csproj", "{45CBBEA2-3E32-4EF4-BCB9-814D90272D02}"
EndProject
Project("{9A19103F-16F7-4668-BE54-9A1E7A4F7556}") = "SocketLib", "SocketLib\SocketLib.csproj", "{6986A3AF-98BB-43EF-A6E1-DFE1DEFCF52E}"
EndProject
Project("{9A19103F-16F7-4668-BE54-9A1E7A4F7556}") = "DataSampler", "DataSampler\DataSampler.csproj", "{09E87C5E-4464-493B-9A13-FC49755949AC}"
EndProject
Project("{9A19103F-16F7-4668-BE54-9A1E7A4F7556}") = "DataSampler.Core", "DataSampler.Core\DataSampler.Core.csproj", "{25BD1A83-38D3-4B7D-86C0-3D34031100A4}"
EndProject
Project("{9A19103F-16F7-4668-BE54-9A1E7A4F7556}") = "OnlineSampleCommon", "OnlineSampleCommon\OnlineSampleCommon.csproj", "{0522A521-51CD-4312-8097-CE613BE73C16}"
EndProject
Project("{9A19103F-16F7-4668-BE54-9A1E7A4F7556}") = "DataSampler.Test", "DataSampler.Test\DataSampler.Test.csproj", "{5FAEBE32-3BAA-4DCE-888A-4AF50783DD31}"
EndProject
Project("{9A19103F-16F7-4668-BE54-9A1E7A4F7556}") = "Moons.Log4net", "Moons.Log4net\Moons.Log4net.csproj", "{05B3B7EE-1733-4149-9D22-BD504E8017E1}"
EndProject
Project("{9A19103F-16F7-4668-BE54-9A1E7A4F7556}") = "Moons.DataSample.Shared", "Moons.DataSample.Shared\Moons.DataSample.Shared.csproj", "{2CAB1343-6AB2-4F58-BA1D-078F0FAAD983}"
EndProject
Project("{9A19103F-16F7-4668-BE54-9A1E7A4F7556}") = "SampleServer.Core", "SampleServer.Core\SampleServer.Core.csproj", "{6D24575D-3643-4EB3-B6C6-A41EE827BB09}"
EndProject
Project("{2150E333-8FDC-42A3-9474-1A3956D46DE8}") = "Cache", "Cache", "{55CBD08B-A99F-4626-A40C-9254577B2CD1}"
EndProject
Project("{9A19103F-16F7-4668-BE54-9A1E7A4F7556}") = "Moons.Caching", "Cache\Moons.Caching\Moons.Caching.csproj", "{008AD88E-9E38-46D3-86F0-125560F66100}"
EndProject
Project("{9A19103F-16F7-4668-BE54-9A1E7A4F7556}") = "Moons.Caching.Codec.MessagePack", "Cache\Moons.Caching.Codec.MessagePack\Moons.Caching.Codec.MessagePack.csproj", "{21148C2D-E66B-46E5-96F8-D93A19A56045}"
EndProject
Project("{9A19103F-16F7-4668-BE54-9A1E7A4F7556}") = "Moons.Caching.Codec.ProtoBuffer", "Cache\Moons.Caching.Codec.ProtoBuffer\Moons.Caching.Codec.ProtoBuffer.csproj", "{960BE6C2-03A7-412F-98CD-D24095AA2628}"
EndProject
Project("{9A19103F-16F7-4668-BE54-9A1E7A4F7556}") = "Moons.Caching.InMemory", "Cache\Moons.Caching.InMemory\Moons.Caching.InMemory.csproj", "{E7036583-5FE5-4D72-B92F-8EB2280B02BD}"
EndProject
Project("{9A19103F-16F7-4668-BE54-9A1E7A4F7556}") = "Moons.Caching.StackExchangeRedis", "Cache\Moons.Caching.StackExchangeRedis\Moons.Caching.StackExchangeRedis.csproj", "{8CFB21F6-B407-4E2C-9FFF-17EEDCD11D22}"
EndProject
Project("{9A19103F-16F7-4668-BE54-9A1E7A4F7556}") = "Moons.Caching.Test", "Moons.Caching.Test\Moons.Caching.Test.csproj", "{AC3DE4CE-16D0-43BB-A0D2-CC519BB7E7CF}"
EndProject
Project("{FAE04EC0-301F-11D3-BF4B-00C04F79EFBC}") = "WindowsFormsBrowser", "WindowsFormsBrowser\WindowsFormsBrowser.csproj", "{62D19A54-9911-4C17-82A7-CBBB30A1112B}"
EndProject
Project("{9A19103F-16F7-4668-BE54-9A1E7A4F7556}") = "MQTTBroker", "MQTTBroker\MQTTBroker.csproj", "{FA6C3725-0144-45EE-9D4C-42F9EE315934}"
EndProject
Project("{9A19103F-16F7-4668-BE54-9A1E7A4F7556}") = "Moons.Common20.Test", "Moons.Common20.Test\Moons.Common20.Test.csproj", "{8AE65099-6754-44CA-BB31-98C625186B6E}"
EndProject
Project("{9A19103F-16F7-4668-BE54-9A1E7A4F7556}") = "Moons.SingletonProcessInstance.Test", "Moons.SingletonProcessInstance.Test\Moons.SingletonProcessInstance.Test.csproj", "{077580FC-7087-4AEF-9BF1-072DDE383EE3}"
EndProject
Project("{9A19103F-16F7-4668-BE54-9A1E7A4F7556}") = "Moons.EquipmentDiagnosis.Core", "Moons.EquipmentDiagnosis.Core\Moons.EquipmentDiagnosis.Core.csproj", "{5E12E20C-D53B-4602-9B7C-8E7397CA0263}"
EndProject
Project("{9A19103F-16F7-4668-BE54-9A1E7A4F7556}") = "Demo.CurveFit", "Demo.CurveFit\Demo.CurveFit.csproj", "{AD28DF54-416E-44BD-AC9C-2C02F34193B8}"
EndProject
Project("{9A19103F-16F7-4668-BE54-9A1E7A4F7556}") = "Test.ShaSteel.WebAPI.Server", "Test.ShaSteel.WebAPI.Server\Test.ShaSteel.WebAPI.Server.csproj", "{2E3A2DDD-4B5A-4F67-8349-C6DE7846EBA0}"
EndProject
Project("{FAE04EC0-301F-11D3-BF4B-00C04F79EFBC}") = "Test.ShaSteel.WebAPI.Client", "Test.ShaSteel.WebAPI.Client\Test.ShaSteel.WebAPI.Client.csproj", "{7DEAAE17-11F2-48A8-956F-D8B328E2BDA9}"
EndProject
Project("{9A19103F-16F7-4668-BE54-9A1E7A4F7556}") = "Test.ShaSteel.WebAPI.Core", "Test.ShaSteel.WebAPI.Core\Test.ShaSteel.WebAPI.Core.csproj", "{FE927898-AF0A-49F0-99F4-119C7064E949}"
EndProject
Project("{9A19103F-16F7-4668-BE54-9A1E7A4F7556}") = "Test.ShaSteel.WebAPI.Server2.1", "Test.ShaSteel.WebAPI.Server2.1\Test.ShaSteel.WebAPI.Server2.1.csproj", "{0CA924BC-E935-4FAB-A674-7B459D642443}"
EndProject
Project("{9A19103F-16F7-4668-BE54-9A1E7A4F7556}") = "Moons.ExportData2Center.Client", "Moons.ExportData2Center.Client\Moons.ExportData2Center.Client.csproj", "{C2E7D022-F1D3-4CAE-9C8F-D84EFBA4081E}"
EndProject
Project("{9A19103F-16F7-4668-BE54-9A1E7A4F7556}") = "Moons.ExportData2Center.Core", "Moons.ExportData2Center.Core\Moons.ExportData2Center.Core.csproj", "{CB1DADB3-AF67-4CD2-9781-CADFDE56E8CF}"
EndProject
Project("{9A19103F-16F7-4668-BE54-9A1E7A4F7556}") = "Moons.ExportData2Center.Server2.1", "Moons.ExportData2Center.Server2.1\Moons.ExportData2Center.Server2.1.csproj", "{4E5DF7FB-F7D7-4064-8B57-79324B316ABA}"
EndProject
Project("{2150E333-8FDC-42A3-9474-1A3956D46DE8}") = "ts", "ts", "{C5631108-3F50-4771-B8CF-C76CFDDDDE55}"
EndProject
Project("{9A19103F-16F7-4668-BE54-9A1E7A4F7556}") = "TsDocuments", "Typescript\TsDocuments\TsDocuments.csproj", "{F24234AD-BDCA-4931-BE3C-C38ED09A352E}"
EndProject
Project("{FAE04EC0-301F-11D3-BF4B-00C04F79EFBC}") = "Test.TcpClient", "Test.TcpClient\Test.TcpClient.csproj", "{28E0AB0C-8A5E-4147-9560-1B10B768122D}"
EndProject
Project("{9A19103F-16F7-4668-BE54-9A1E7A4F7556}") = "Moons.ObjectMapper", "Moons.ObjectMapper\Moons.ObjectMapper.csproj", "{CE4F6FC3-20F8-4334-8113-738C57542E43}"
EndProject
Project("{9A19103F-16F7-4668-BE54-9A1E7A4F7556}") = "Moons.Natasha", "Moons.Natasha\Moons.Natasha.csproj", "{F8EBE8CE-55C4-4E06-AC9B-A6AE4605DE72}"
EndProject
Project("{9A19103F-16F7-4668-BE54-9A1E7A4F7556}") = "Moons.Plugin.Contract", "Moons.Plugin.Contract\Moons.Plugin.Contract.csproj", "{42D8D08A-9A29-402A-BCC3-C1E65BFF7371}"
EndProject
Project("{9A19103F-16F7-4668-BE54-9A1E7A4F7556}") = "Moons.Plugin.Infra", "Moons.Plugin.Infra\Moons.Plugin.Infra.csproj", "{5C8FAEEC-F2FC-4003-8405-412974AF1975}"
EndProject
Project("{9A19103F-16F7-4668-BE54-9A1E7A4F7556}") = "Moons.Serilogs", "Moons.Serilog\Moons.Serilogs.csproj", "{E9EEDC22-9F8A-477A-8992-FAB2A1054C37}"
EndProject
Project("{2150E333-8FDC-42A3-9474-1A3956D46DE8}") = "Powershell", "Powershell", "{04A907AB-E359-4374-89A0-5BEED2D1A3BE}"
EndProject
Project("{9A19103F-16F7-4668-BE54-9A1E7A4F7556}") = "PowershellDocuments", "PowershellDocuments\PowershellDocuments.csproj", "{8ED03B76-91A9-42A4-9BE6-F1B4EF69847E}"
EndProject
Project("{9A19103F-16F7-4668-BE54-9A1E7A4F7556}") = "Test.Docker31", "Test.Docker31\Test.Docker31.csproj", "{7F7FAA05-DD47-4699-992A-1DC58C78B7DB}"
EndProject
Project("{9A19103F-16F7-4668-BE54-9A1E7A4F7556}") = "KafkaLog", "KafkaLog\KafkaLog.csproj", "{1BAEFB30-166C-416C-BC74-9DC56DA69853}"
EndProject
Project("{2150E333-8FDC-42A3-9474-1A3956D46DE8}") = "Python", "Python", "{93B66947-7059-4351-A28A-E5AFB3A3DFA5}"
EndProject
Project("{9A19103F-16F7-4668-BE54-9A1E7A4F7556}") = "PythonDocuments", "PythonDocuments\PythonDocuments.csproj", "{B68D2E9F-56D0-4425-B202-0BC51B92F211}"
EndProject
Project("{2150E333-8FDC-42A3-9474-1A3956D46DE8}") = "ModBus", "ModBus", "{0F3E6FD0-332E-4121-A2AD-EC3153C49AB0}"
EndProject
Project("{9A19103F-16F7-4668-BE54-9A1E7A4F7556}") = "NModBus.Server", "NModBus.Server\NModBus.Server.csproj", "{EE5FBD92-0527-4E54-BC3F-BAC7201F926F}"
EndProject
Project("{9A19103F-16F7-4668-BE54-9A1E7A4F7556}") = "NModBus.Client", "NModBus.Client\NModBus.Client.csproj", "{B315CD57-DDA0-4DB7-80F1-A9FB875565B6}"
EndProject
Project("{9A19103F-16F7-4668-BE54-9A1E7A4F7556}") = "TestFluentMigrator", "TestFluentMigrator\TestFluentMigrator.csproj", "{64F5A3B8-2875-45B7-809F-0757794955EB}"
EndProject
Project("{2150E333-8FDC-42A3-9474-1A3956D46DE8}") = "OPC", "OPC", "{679494D4-7969-4F6E-BF5B-9BFB236B172B}"
EndProject
Project("{9A19103F-16F7-4668-BE54-9A1E7A4F7556}") = "OpcServer", "OpcServer\OpcServer.csproj", "{2E55C14E-5555-43B0-B004-B7773329AF90}"
EndProject
Project("{9A19103F-16F7-4668-BE54-9A1E7A4F7556}") = "OpcClient", "OpcClient\OpcClient.csproj", "{794507DA-B28B-4010-81BA-8F38A81C39AE}"
EndProject
Project("{2150E333-8FDC-42A3-9474-1A3956D46DE8}") = "ML.Net", "ML.Net", "{90406F16-AA6C-488C-88FD-23125386E592}"
EndProject
Project("{9A19103F-16F7-4668-BE54-9A1E7A4F7556}") = "TestML001", "TestML001\TestML001.csproj", "{986C6649-7871-414D-A6BF-A4D361DBD338}"
EndProject
Project("{9A19103F-16F7-4668-BE54-9A1E7A4F7556}") = "testORMML.Model", "testORMML.Model\testORMML.Model.csproj", "{DA92C36A-4AE5-48FD-B0E6-9CD0DC88417C}"
EndProject
Project("{9A19103F-16F7-4668-BE54-9A1E7A4F7556}") = "testORMML.ConsoleApp", "testORMML.ConsoleApp\testORMML.ConsoleApp.csproj", "{FB6886CA-D29F-4654-B287-B12DEB6C0C95}"
EndProject
Project("{2150E333-8FDC-42A3-9474-1A3956D46DE8}") = "WebSocket", "WebSocket", "{79D1C177-F442-4DCC-930C-6955A36B3588}"
EndProject
Project("{9A19103F-16F7-4668-BE54-9A1E7A4F7556}") = "WebSocketDocuments", "WebSocketDocuments\WebSocketDocuments.csproj", "{F6339C22-E038-4183-B2EE-3742F385C108}"
EndProject
Project("{9A19103F-16F7-4668-BE54-9A1E7A4F7556}") = "TestProtobuf", "TestProtobuf\TestProtobuf.csproj", "{771B641B-A595-492D-BCA6-D01350F86C98}"
EndProject
Project("{9A19103F-16F7-4668-BE54-9A1E7A4F7556}") = "TestSignalR.Server", "TestSignalR.Server\TestSignalR.Server.csproj", "{CA2FC3E0-A8CD-4D6E-B814-8217D201D292}"
EndProject
Project("{2150E333-8FDC-42A3-9474-1A3956D46DE8}") = "k8s", "k8s", "{E944A30F-566C-4148-9778-30BE87676CFA}"
EndProject
Project("{9A19103F-16F7-4668-BE54-9A1E7A4F7556}") = "TestK8s.WebApp", "TestK8s.WebApp\TestK8s.WebApp.csproj", "{E912CBE2-57A9-40AC-BCA2-372152BFE7D7}"
EndProject
Project("{9A19103F-16F7-4668-BE54-9A1E7A4F7556}") = "TestSignalR.Client", "TestSignalR.Client\TestSignalR.Client.csproj", "{08383481-5DA8-4E78-85A3-8BB87B5E989B}"
EndProject
Project("{FAE04EC0-301F-11D3-BF4B-00C04F79EFBC}") = "k8sDocuments", "k8sDocuments\k8sDocuments.csproj", "{06B653B4-C44C-4D5D-9145-FAE57DC14050}"
EndProject
Global
	GlobalSection(SolutionConfigurationPlatforms) = preSolution
		Debug|Any CPU = Debug|Any CPU
		Release|Any CPU = Release|Any CPU
	EndGlobalSection
	GlobalSection(ProjectConfigurationPlatforms) = postSolution
		{9B68E4DD-BA9B-4E30-A5CE-EDF1A856D65D}.Debug|Any CPU.ActiveCfg = Debug|Any CPU
		{9B68E4DD-BA9B-4E30-A5CE-EDF1A856D65D}.Debug|Any CPU.Build.0 = Debug|Any CPU
		{9B68E4DD-BA9B-4E30-A5CE-EDF1A856D65D}.Release|Any CPU.ActiveCfg = Release|Any CPU
		{9B68E4DD-BA9B-4E30-A5CE-EDF1A856D65D}.Release|Any CPU.Build.0 = Release|Any CPU
		{67763F37-E243-482D-9102-17FF760C41C6}.Debug|Any CPU.ActiveCfg = Debug|Any CPU
		{67763F37-E243-482D-9102-17FF760C41C6}.Debug|Any CPU.Build.0 = Debug|Any CPU
		{67763F37-E243-482D-9102-17FF760C41C6}.Release|Any CPU.ActiveCfg = Release|Any CPU
		{67763F37-E243-482D-9102-17FF760C41C6}.Release|Any CPU.Build.0 = Release|Any CPU
		{4F077D84-E0E5-4D73-88A3-14C832238338}.Debug|Any CPU.ActiveCfg = Debug|Any CPU
		{4F077D84-E0E5-4D73-88A3-14C832238338}.Debug|Any CPU.Build.0 = Debug|Any CPU
		{4F077D84-E0E5-4D73-88A3-14C832238338}.Release|Any CPU.ActiveCfg = Release|Any CPU
		{4F077D84-E0E5-4D73-88A3-14C832238338}.Release|Any CPU.Build.0 = Release|Any CPU
		{F0E9F17F-4192-481E-8666-C7C5D5ED0C6F}.Debug|Any CPU.ActiveCfg = Debug|Any CPU
		{F0E9F17F-4192-481E-8666-C7C5D5ED0C6F}.Debug|Any CPU.Build.0 = Debug|Any CPU
		{F0E9F17F-4192-481E-8666-C7C5D5ED0C6F}.Release|Any CPU.ActiveCfg = Release|Any CPU
		{F0E9F17F-4192-481E-8666-C7C5D5ED0C6F}.Release|Any CPU.Build.0 = Release|Any CPU
		{A36951FA-36D1-4D7E-8487-1E800DBB15C3}.Debug|Any CPU.ActiveCfg = Debug|Any CPU
		{A36951FA-36D1-4D7E-8487-1E800DBB15C3}.Debug|Any CPU.Build.0 = Debug|Any CPU
		{A36951FA-36D1-4D7E-8487-1E800DBB15C3}.Release|Any CPU.ActiveCfg = Release|Any CPU
		{A36951FA-36D1-4D7E-8487-1E800DBB15C3}.Release|Any CPU.Build.0 = Release|Any CPU
		{1509FD74-B7DE-4C05-9490-B3F34E588C22}.Debug|Any CPU.ActiveCfg = Debug|Any CPU
		{1509FD74-B7DE-4C05-9490-B3F34E588C22}.Debug|Any CPU.Build.0 = Debug|Any CPU
		{1509FD74-B7DE-4C05-9490-B3F34E588C22}.Release|Any CPU.ActiveCfg = Release|Any CPU
		{1509FD74-B7DE-4C05-9490-B3F34E588C22}.Release|Any CPU.Build.0 = Release|Any CPU
		{72FB4C9F-BA6D-4C1A-B9A0-A7433D3F1678}.Debug|Any CPU.ActiveCfg = Debug|Any CPU
		{72FB4C9F-BA6D-4C1A-B9A0-A7433D3F1678}.Debug|Any CPU.Build.0 = Debug|Any CPU
		{72FB4C9F-BA6D-4C1A-B9A0-A7433D3F1678}.Release|Any CPU.ActiveCfg = Release|Any CPU
		{72FB4C9F-BA6D-4C1A-B9A0-A7433D3F1678}.Release|Any CPU.Build.0 = Release|Any CPU
		{D554D7E0-3369-4AA8-830F-5482E315CD9B}.Debug|Any CPU.ActiveCfg = Debug|Any CPU
		{D554D7E0-3369-4AA8-830F-5482E315CD9B}.Debug|Any CPU.Build.0 = Debug|Any CPU
		{D554D7E0-3369-4AA8-830F-5482E315CD9B}.Release|Any CPU.ActiveCfg = Release|Any CPU
		{D554D7E0-3369-4AA8-830F-5482E315CD9B}.Release|Any CPU.Build.0 = Release|Any CPU
		{8CAF83CA-F13A-406F-BB9B-B9F1467C4FF6}.Debug|Any CPU.ActiveCfg = Debug|Any CPU
		{8CAF83CA-F13A-406F-BB9B-B9F1467C4FF6}.Debug|Any CPU.Build.0 = Debug|Any CPU
		{8CAF83CA-F13A-406F-BB9B-B9F1467C4FF6}.Release|Any CPU.ActiveCfg = Release|Any CPU
		{8CAF83CA-F13A-406F-BB9B-B9F1467C4FF6}.Release|Any CPU.Build.0 = Release|Any CPU
		{9F33B4A9-7072-48CF-B656-ECEBADE0D59C}.Debug|Any CPU.ActiveCfg = Debug|Any CPU
		{9F33B4A9-7072-48CF-B656-ECEBADE0D59C}.Debug|Any CPU.Build.0 = Debug|Any CPU
		{9F33B4A9-7072-48CF-B656-ECEBADE0D59C}.Release|Any CPU.ActiveCfg = Release|Any CPU
		{9F33B4A9-7072-48CF-B656-ECEBADE0D59C}.Release|Any CPU.Build.0 = Release|Any CPU
		{3698E663-6A23-4EA1-AC52-827B98A1B774}.Debug|Any CPU.ActiveCfg = Debug|Any CPU
		{3698E663-6A23-4EA1-AC52-827B98A1B774}.Debug|Any CPU.Build.0 = Debug|Any CPU
		{3698E663-6A23-4EA1-AC52-827B98A1B774}.Release|Any CPU.ActiveCfg = Release|Any CPU
		{3698E663-6A23-4EA1-AC52-827B98A1B774}.Release|Any CPU.Build.0 = Release|Any CPU
		{D9A1469E-AC43-4766-8C09-E51293259C7B}.Debug|Any CPU.ActiveCfg = Debug|Any CPU
		{D9A1469E-AC43-4766-8C09-E51293259C7B}.Debug|Any CPU.Build.0 = Debug|Any CPU
		{D9A1469E-AC43-4766-8C09-E51293259C7B}.Release|Any CPU.ActiveCfg = Release|Any CPU
		{D9A1469E-AC43-4766-8C09-E51293259C7B}.Release|Any CPU.Build.0 = Release|Any CPU
		{E1DFC1B9-2782-4E47-8361-E77DCA57A6CA}.Debug|Any CPU.ActiveCfg = Debug|Any CPU
		{E1DFC1B9-2782-4E47-8361-E77DCA57A6CA}.Debug|Any CPU.Build.0 = Debug|Any CPU
		{E1DFC1B9-2782-4E47-8361-E77DCA57A6CA}.Release|Any CPU.ActiveCfg = Release|Any CPU
		{E1DFC1B9-2782-4E47-8361-E77DCA57A6CA}.Release|Any CPU.Build.0 = Release|Any CPU
		{0DA8BB19-6BB7-4257-892D-789243162EC1}.Debug|Any CPU.ActiveCfg = Debug|Any CPU
		{0DA8BB19-6BB7-4257-892D-789243162EC1}.Debug|Any CPU.Build.0 = Debug|Any CPU
		{0DA8BB19-6BB7-4257-892D-789243162EC1}.Release|Any CPU.ActiveCfg = Release|Any CPU
		{0DA8BB19-6BB7-4257-892D-789243162EC1}.Release|Any CPU.Build.0 = Release|Any CPU
		{E97E8448-F215-4F57-BF5D-C4A559935BBA}.Debug|Any CPU.ActiveCfg = Debug|Any CPU
		{E97E8448-F215-4F57-BF5D-C4A559935BBA}.Debug|Any CPU.Build.0 = Debug|Any CPU
		{E97E8448-F215-4F57-BF5D-C4A559935BBA}.Release|Any CPU.ActiveCfg = Release|Any CPU
		{E97E8448-F215-4F57-BF5D-C4A559935BBA}.Release|Any CPU.Build.0 = Release|Any CPU
		{04A630C0-2AA3-4938-826E-DA4262D7DBC8}.Debug|Any CPU.ActiveCfg = Debug|Any CPU
		{04A630C0-2AA3-4938-826E-DA4262D7DBC8}.Debug|Any CPU.Build.0 = Debug|Any CPU
		{04A630C0-2AA3-4938-826E-DA4262D7DBC8}.Release|Any CPU.ActiveCfg = Release|Any CPU
		{04A630C0-2AA3-4938-826E-DA4262D7DBC8}.Release|Any CPU.Build.0 = Release|Any CPU
		{900E0A1B-2114-4BA9-AA96-449AE7075819}.Debug|Any CPU.ActiveCfg = Debug|Any CPU
		{900E0A1B-2114-4BA9-AA96-449AE7075819}.Debug|Any CPU.Build.0 = Debug|Any CPU
		{900E0A1B-2114-4BA9-AA96-449AE7075819}.Release|Any CPU.ActiveCfg = Release|Any CPU
		{900E0A1B-2114-4BA9-AA96-449AE7075819}.Release|Any CPU.Build.0 = Release|Any CPU
		{7665FA2B-80F3-46CF-8D4E-676BC13A9914}.Debug|Any CPU.ActiveCfg = Debug|Any CPU
		{7665FA2B-80F3-46CF-8D4E-676BC13A9914}.Debug|Any CPU.Build.0 = Debug|Any CPU
		{7665FA2B-80F3-46CF-8D4E-676BC13A9914}.Release|Any CPU.ActiveCfg = Release|Any CPU
		{7665FA2B-80F3-46CF-8D4E-676BC13A9914}.Release|Any CPU.Build.0 = Release|Any CPU
		{DC53524C-292D-415E-9A41-C47DADEC9BAC}.Debug|Any CPU.ActiveCfg = Debug|Any CPU
		{DC53524C-292D-415E-9A41-C47DADEC9BAC}.Debug|Any CPU.Build.0 = Debug|Any CPU
		{DC53524C-292D-415E-9A41-C47DADEC9BAC}.Release|Any CPU.ActiveCfg = Release|Any CPU
		{DC53524C-292D-415E-9A41-C47DADEC9BAC}.Release|Any CPU.Build.0 = Release|Any CPU
		{CD36B657-1352-4DD4-A760-B3E01A3FC824}.Debug|Any CPU.ActiveCfg = Debug|Any CPU
		{CD36B657-1352-4DD4-A760-B3E01A3FC824}.Debug|Any CPU.Build.0 = Debug|Any CPU
		{CD36B657-1352-4DD4-A760-B3E01A3FC824}.Release|Any CPU.ActiveCfg = Release|Any CPU
		{CD36B657-1352-4DD4-A760-B3E01A3FC824}.Release|Any CPU.Build.0 = Release|Any CPU
		{D5829110-4277-4DAA-A702-2FA7AB3B1764}.Debug|Any CPU.ActiveCfg = Debug|Any CPU
		{D5829110-4277-4DAA-A702-2FA7AB3B1764}.Debug|Any CPU.Build.0 = Debug|Any CPU
		{D5829110-4277-4DAA-A702-2FA7AB3B1764}.Release|Any CPU.ActiveCfg = Release|Any CPU
		{D5829110-4277-4DAA-A702-2FA7AB3B1764}.Release|Any CPU.Build.0 = Release|Any CPU
		{5C6CF8A2-4737-4406-9420-D7CB91417122}.Debug|Any CPU.ActiveCfg = Debug|Any CPU
		{5C6CF8A2-4737-4406-9420-D7CB91417122}.Debug|Any CPU.Build.0 = Debug|Any CPU
		{5C6CF8A2-4737-4406-9420-D7CB91417122}.Release|Any CPU.ActiveCfg = Release|Any CPU
		{5C6CF8A2-4737-4406-9420-D7CB91417122}.Release|Any CPU.Build.0 = Release|Any CPU
		{DB1B1A74-AC0F-4227-BEB2-F269FC708981}.Debug|Any CPU.ActiveCfg = Debug|Any CPU
		{DB1B1A74-AC0F-4227-BEB2-F269FC708981}.Debug|Any CPU.Build.0 = Debug|Any CPU
		{DB1B1A74-AC0F-4227-BEB2-F269FC708981}.Release|Any CPU.ActiveCfg = Release|Any CPU
		{DB1B1A74-AC0F-4227-BEB2-F269FC708981}.Release|Any CPU.Build.0 = Release|Any CPU
		{F42D3358-C926-4279-8581-AD1E8FF4D124}.Debug|Any CPU.ActiveCfg = Debug|Any CPU
		{F42D3358-C926-4279-8581-AD1E8FF4D124}.Debug|Any CPU.Build.0 = Debug|Any CPU
		{F42D3358-C926-4279-8581-AD1E8FF4D124}.Release|Any CPU.ActiveCfg = Release|Any CPU
		{F42D3358-C926-4279-8581-AD1E8FF4D124}.Release|Any CPU.Build.0 = Release|Any CPU
		{45CBBEA2-3E32-4EF4-BCB9-814D90272D02}.Debug|Any CPU.ActiveCfg = Debug|Any CPU
		{45CBBEA2-3E32-4EF4-BCB9-814D90272D02}.Debug|Any CPU.Build.0 = Debug|Any CPU
		{45CBBEA2-3E32-4EF4-BCB9-814D90272D02}.Release|Any CPU.ActiveCfg = Release|Any CPU
		{45CBBEA2-3E32-4EF4-BCB9-814D90272D02}.Release|Any CPU.Build.0 = Release|Any CPU
		{6986A3AF-98BB-43EF-A6E1-DFE1DEFCF52E}.Debug|Any CPU.ActiveCfg = Debug|Any CPU
		{6986A3AF-98BB-43EF-A6E1-DFE1DEFCF52E}.Debug|Any CPU.Build.0 = Debug|Any CPU
		{6986A3AF-98BB-43EF-A6E1-DFE1DEFCF52E}.Release|Any CPU.ActiveCfg = Release|Any CPU
		{6986A3AF-98BB-43EF-A6E1-DFE1DEFCF52E}.Release|Any CPU.Build.0 = Release|Any CPU
		{09E87C5E-4464-493B-9A13-FC49755949AC}.Debug|Any CPU.ActiveCfg = Debug|Any CPU
		{09E87C5E-4464-493B-9A13-FC49755949AC}.Debug|Any CPU.Build.0 = Debug|Any CPU
		{09E87C5E-4464-493B-9A13-FC49755949AC}.Release|Any CPU.ActiveCfg = Release|Any CPU
		{09E87C5E-4464-493B-9A13-FC49755949AC}.Release|Any CPU.Build.0 = Release|Any CPU
		{25BD1A83-38D3-4B7D-86C0-3D34031100A4}.Debug|Any CPU.ActiveCfg = Debug|Any CPU
		{25BD1A83-38D3-4B7D-86C0-3D34031100A4}.Debug|Any CPU.Build.0 = Debug|Any CPU
		{25BD1A83-38D3-4B7D-86C0-3D34031100A4}.Release|Any CPU.ActiveCfg = Release|Any CPU
		{25BD1A83-38D3-4B7D-86C0-3D34031100A4}.Release|Any CPU.Build.0 = Release|Any CPU
		{0522A521-51CD-4312-8097-CE613BE73C16}.Debug|Any CPU.ActiveCfg = Debug|Any CPU
		{0522A521-51CD-4312-8097-CE613BE73C16}.Debug|Any CPU.Build.0 = Debug|Any CPU
		{0522A521-51CD-4312-8097-CE613BE73C16}.Release|Any CPU.ActiveCfg = Release|Any CPU
		{0522A521-51CD-4312-8097-CE613BE73C16}.Release|Any CPU.Build.0 = Release|Any CPU
		{5FAEBE32-3BAA-4DCE-888A-4AF50783DD31}.Debug|Any CPU.ActiveCfg = Debug|Any CPU
		{5FAEBE32-3BAA-4DCE-888A-4AF50783DD31}.Debug|Any CPU.Build.0 = Debug|Any CPU
		{5FAEBE32-3BAA-4DCE-888A-4AF50783DD31}.Release|Any CPU.ActiveCfg = Release|Any CPU
		{5FAEBE32-3BAA-4DCE-888A-4AF50783DD31}.Release|Any CPU.Build.0 = Release|Any CPU
		{05B3B7EE-1733-4149-9D22-BD504E8017E1}.Debug|Any CPU.ActiveCfg = Debug|Any CPU
		{05B3B7EE-1733-4149-9D22-BD504E8017E1}.Debug|Any CPU.Build.0 = Debug|Any CPU
		{05B3B7EE-1733-4149-9D22-BD504E8017E1}.Release|Any CPU.ActiveCfg = Release|Any CPU
		{05B3B7EE-1733-4149-9D22-BD504E8017E1}.Release|Any CPU.Build.0 = Release|Any CPU
		{2CAB1343-6AB2-4F58-BA1D-078F0FAAD983}.Debug|Any CPU.ActiveCfg = Debug|Any CPU
		{2CAB1343-6AB2-4F58-BA1D-078F0FAAD983}.Debug|Any CPU.Build.0 = Debug|Any CPU
		{2CAB1343-6AB2-4F58-BA1D-078F0FAAD983}.Release|Any CPU.ActiveCfg = Release|Any CPU
		{2CAB1343-6AB2-4F58-BA1D-078F0FAAD983}.Release|Any CPU.Build.0 = Release|Any CPU
		{6D24575D-3643-4EB3-B6C6-A41EE827BB09}.Debug|Any CPU.ActiveCfg = Debug|Any CPU
		{6D24575D-3643-4EB3-B6C6-A41EE827BB09}.Debug|Any CPU.Build.0 = Debug|Any CPU
		{6D24575D-3643-4EB3-B6C6-A41EE827BB09}.Release|Any CPU.ActiveCfg = Release|Any CPU
		{6D24575D-3643-4EB3-B6C6-A41EE827BB09}.Release|Any CPU.Build.0 = Release|Any CPU
		{008AD88E-9E38-46D3-86F0-125560F66100}.Debug|Any CPU.ActiveCfg = Debug|Any CPU
		{008AD88E-9E38-46D3-86F0-125560F66100}.Debug|Any CPU.Build.0 = Debug|Any CPU
		{008AD88E-9E38-46D3-86F0-125560F66100}.Release|Any CPU.ActiveCfg = Release|Any CPU
		{008AD88E-9E38-46D3-86F0-125560F66100}.Release|Any CPU.Build.0 = Release|Any CPU
		{21148C2D-E66B-46E5-96F8-D93A19A56045}.Debug|Any CPU.ActiveCfg = Debug|Any CPU
		{21148C2D-E66B-46E5-96F8-D93A19A56045}.Debug|Any CPU.Build.0 = Debug|Any CPU
		{21148C2D-E66B-46E5-96F8-D93A19A56045}.Release|Any CPU.ActiveCfg = Release|Any CPU
		{21148C2D-E66B-46E5-96F8-D93A19A56045}.Release|Any CPU.Build.0 = Release|Any CPU
		{960BE6C2-03A7-412F-98CD-D24095AA2628}.Debug|Any CPU.ActiveCfg = Debug|Any CPU
		{960BE6C2-03A7-412F-98CD-D24095AA2628}.Debug|Any CPU.Build.0 = Debug|Any CPU
		{960BE6C2-03A7-412F-98CD-D24095AA2628}.Release|Any CPU.ActiveCfg = Release|Any CPU
		{960BE6C2-03A7-412F-98CD-D24095AA2628}.Release|Any CPU.Build.0 = Release|Any CPU
		{E7036583-5FE5-4D72-B92F-8EB2280B02BD}.Debug|Any CPU.ActiveCfg = Debug|Any CPU
		{E7036583-5FE5-4D72-B92F-8EB2280B02BD}.Debug|Any CPU.Build.0 = Debug|Any CPU
		{E7036583-5FE5-4D72-B92F-8EB2280B02BD}.Release|Any CPU.ActiveCfg = Release|Any CPU
		{E7036583-5FE5-4D72-B92F-8EB2280B02BD}.Release|Any CPU.Build.0 = Release|Any CPU
		{8CFB21F6-B407-4E2C-9FFF-17EEDCD11D22}.Debug|Any CPU.ActiveCfg = Debug|Any CPU
		{8CFB21F6-B407-4E2C-9FFF-17EEDCD11D22}.Debug|Any CPU.Build.0 = Debug|Any CPU
		{8CFB21F6-B407-4E2C-9FFF-17EEDCD11D22}.Release|Any CPU.ActiveCfg = Release|Any CPU
		{8CFB21F6-B407-4E2C-9FFF-17EEDCD11D22}.Release|Any CPU.Build.0 = Release|Any CPU
		{AC3DE4CE-16D0-43BB-A0D2-CC519BB7E7CF}.Debug|Any CPU.ActiveCfg = Debug|Any CPU
		{AC3DE4CE-16D0-43BB-A0D2-CC519BB7E7CF}.Debug|Any CPU.Build.0 = Debug|Any CPU
		{AC3DE4CE-16D0-43BB-A0D2-CC519BB7E7CF}.Release|Any CPU.ActiveCfg = Release|Any CPU
		{AC3DE4CE-16D0-43BB-A0D2-CC519BB7E7CF}.Release|Any CPU.Build.0 = Release|Any CPU
		{62D19A54-9911-4C17-82A7-CBBB30A1112B}.Debug|Any CPU.ActiveCfg = Debug|Any CPU
		{62D19A54-9911-4C17-82A7-CBBB30A1112B}.Debug|Any CPU.Build.0 = Debug|Any CPU
		{62D19A54-9911-4C17-82A7-CBBB30A1112B}.Release|Any CPU.ActiveCfg = Release|Any CPU
		{62D19A54-9911-4C17-82A7-CBBB30A1112B}.Release|Any CPU.Build.0 = Release|Any CPU
		{FA6C3725-0144-45EE-9D4C-42F9EE315934}.Debug|Any CPU.ActiveCfg = Debug|Any CPU
		{FA6C3725-0144-45EE-9D4C-42F9EE315934}.Debug|Any CPU.Build.0 = Debug|Any CPU
		{FA6C3725-0144-45EE-9D4C-42F9EE315934}.Release|Any CPU.ActiveCfg = Release|Any CPU
		{FA6C3725-0144-45EE-9D4C-42F9EE315934}.Release|Any CPU.Build.0 = Release|Any CPU
		{8AE65099-6754-44CA-BB31-98C625186B6E}.Debug|Any CPU.ActiveCfg = Debug|Any CPU
		{8AE65099-6754-44CA-BB31-98C625186B6E}.Debug|Any CPU.Build.0 = Debug|Any CPU
		{8AE65099-6754-44CA-BB31-98C625186B6E}.Release|Any CPU.ActiveCfg = Release|Any CPU
		{8AE65099-6754-44CA-BB31-98C625186B6E}.Release|Any CPU.Build.0 = Release|Any CPU
		{077580FC-7087-4AEF-9BF1-072DDE383EE3}.Debug|Any CPU.ActiveCfg = Debug|Any CPU
		{077580FC-7087-4AEF-9BF1-072DDE383EE3}.Debug|Any CPU.Build.0 = Debug|Any CPU
		{077580FC-7087-4AEF-9BF1-072DDE383EE3}.Release|Any CPU.ActiveCfg = Release|Any CPU
		{077580FC-7087-4AEF-9BF1-072DDE383EE3}.Release|Any CPU.Build.0 = Release|Any CPU
		{5E12E20C-D53B-4602-9B7C-8E7397CA0263}.Debug|Any CPU.ActiveCfg = Debug|Any CPU
		{5E12E20C-D53B-4602-9B7C-8E7397CA0263}.Debug|Any CPU.Build.0 = Debug|Any CPU
		{5E12E20C-D53B-4602-9B7C-8E7397CA0263}.Release|Any CPU.ActiveCfg = Release|Any CPU
		{5E12E20C-D53B-4602-9B7C-8E7397CA0263}.Release|Any CPU.Build.0 = Release|Any CPU
		{AD28DF54-416E-44BD-AC9C-2C02F34193B8}.Debug|Any CPU.ActiveCfg = Debug|Any CPU
		{AD28DF54-416E-44BD-AC9C-2C02F34193B8}.Debug|Any CPU.Build.0 = Debug|Any CPU
		{AD28DF54-416E-44BD-AC9C-2C02F34193B8}.Release|Any CPU.ActiveCfg = Release|Any CPU
		{AD28DF54-416E-44BD-AC9C-2C02F34193B8}.Release|Any CPU.Build.0 = Release|Any CPU
		{2E3A2DDD-4B5A-4F67-8349-C6DE7846EBA0}.Debug|Any CPU.ActiveCfg = Debug|Any CPU
		{2E3A2DDD-4B5A-4F67-8349-C6DE7846EBA0}.Debug|Any CPU.Build.0 = Debug|Any CPU
		{2E3A2DDD-4B5A-4F67-8349-C6DE7846EBA0}.Release|Any CPU.ActiveCfg = Release|Any CPU
		{2E3A2DDD-4B5A-4F67-8349-C6DE7846EBA0}.Release|Any CPU.Build.0 = Release|Any CPU
		{7DEAAE17-11F2-48A8-956F-D8B328E2BDA9}.Debug|Any CPU.ActiveCfg = Debug|Any CPU
		{7DEAAE17-11F2-48A8-956F-D8B328E2BDA9}.Debug|Any CPU.Build.0 = Debug|Any CPU
		{7DEAAE17-11F2-48A8-956F-D8B328E2BDA9}.Release|Any CPU.ActiveCfg = Release|Any CPU
		{7DEAAE17-11F2-48A8-956F-D8B328E2BDA9}.Release|Any CPU.Build.0 = Release|Any CPU
		{FE927898-AF0A-49F0-99F4-119C7064E949}.Debug|Any CPU.ActiveCfg = Debug|Any CPU
		{FE927898-AF0A-49F0-99F4-119C7064E949}.Debug|Any CPU.Build.0 = Debug|Any CPU
		{FE927898-AF0A-49F0-99F4-119C7064E949}.Release|Any CPU.ActiveCfg = Release|Any CPU
		{FE927898-AF0A-49F0-99F4-119C7064E949}.Release|Any CPU.Build.0 = Release|Any CPU
		{0CA924BC-E935-4FAB-A674-7B459D642443}.Debug|Any CPU.ActiveCfg = Debug|Any CPU
		{0CA924BC-E935-4FAB-A674-7B459D642443}.Debug|Any CPU.Build.0 = Debug|Any CPU
		{0CA924BC-E935-4FAB-A674-7B459D642443}.Release|Any CPU.ActiveCfg = Release|Any CPU
		{0CA924BC-E935-4FAB-A674-7B459D642443}.Release|Any CPU.Build.0 = Release|Any CPU
		{C2E7D022-F1D3-4CAE-9C8F-D84EFBA4081E}.Debug|Any CPU.ActiveCfg = Debug|Any CPU
		{C2E7D022-F1D3-4CAE-9C8F-D84EFBA4081E}.Debug|Any CPU.Build.0 = Debug|Any CPU
		{C2E7D022-F1D3-4CAE-9C8F-D84EFBA4081E}.Release|Any CPU.ActiveCfg = Release|Any CPU
		{C2E7D022-F1D3-4CAE-9C8F-D84EFBA4081E}.Release|Any CPU.Build.0 = Release|Any CPU
		{CB1DADB3-AF67-4CD2-9781-CADFDE56E8CF}.Debug|Any CPU.ActiveCfg = Debug|Any CPU
		{CB1DADB3-AF67-4CD2-9781-CADFDE56E8CF}.Debug|Any CPU.Build.0 = Debug|Any CPU
		{CB1DADB3-AF67-4CD2-9781-CADFDE56E8CF}.Release|Any CPU.ActiveCfg = Release|Any CPU
		{CB1DADB3-AF67-4CD2-9781-CADFDE56E8CF}.Release|Any CPU.Build.0 = Release|Any CPU
		{4E5DF7FB-F7D7-4064-8B57-79324B316ABA}.Debug|Any CPU.ActiveCfg = Debug|Any CPU
		{4E5DF7FB-F7D7-4064-8B57-79324B316ABA}.Debug|Any CPU.Build.0 = Debug|Any CPU
		{4E5DF7FB-F7D7-4064-8B57-79324B316ABA}.Release|Any CPU.ActiveCfg = Release|Any CPU
		{4E5DF7FB-F7D7-4064-8B57-79324B316ABA}.Release|Any CPU.Build.0 = Release|Any CPU
		{F24234AD-BDCA-4931-BE3C-C38ED09A352E}.Debug|Any CPU.ActiveCfg = Debug|Any CPU
		{F24234AD-BDCA-4931-BE3C-C38ED09A352E}.Debug|Any CPU.Build.0 = Debug|Any CPU
		{F24234AD-BDCA-4931-BE3C-C38ED09A352E}.Release|Any CPU.ActiveCfg = Release|Any CPU
		{F24234AD-BDCA-4931-BE3C-C38ED09A352E}.Release|Any CPU.Build.0 = Release|Any CPU
		{28E0AB0C-8A5E-4147-9560-1B10B768122D}.Debug|Any CPU.ActiveCfg = Debug|Any CPU
		{28E0AB0C-8A5E-4147-9560-1B10B768122D}.Debug|Any CPU.Build.0 = Debug|Any CPU
		{28E0AB0C-8A5E-4147-9560-1B10B768122D}.Release|Any CPU.ActiveCfg = Release|Any CPU
		{28E0AB0C-8A5E-4147-9560-1B10B768122D}.Release|Any CPU.Build.0 = Release|Any CPU
		{CE4F6FC3-20F8-4334-8113-738C57542E43}.Debug|Any CPU.ActiveCfg = Debug|Any CPU
		{CE4F6FC3-20F8-4334-8113-738C57542E43}.Debug|Any CPU.Build.0 = Debug|Any CPU
		{CE4F6FC3-20F8-4334-8113-738C57542E43}.Release|Any CPU.ActiveCfg = Release|Any CPU
		{CE4F6FC3-20F8-4334-8113-738C57542E43}.Release|Any CPU.Build.0 = Release|Any CPU
		{F8EBE8CE-55C4-4E06-AC9B-A6AE4605DE72}.Debug|Any CPU.ActiveCfg = Debug|Any CPU
		{F8EBE8CE-55C4-4E06-AC9B-A6AE4605DE72}.Debug|Any CPU.Build.0 = Debug|Any CPU
		{F8EBE8CE-55C4-4E06-AC9B-A6AE4605DE72}.Release|Any CPU.ActiveCfg = Release|Any CPU
		{F8EBE8CE-55C4-4E06-AC9B-A6AE4605DE72}.Release|Any CPU.Build.0 = Release|Any CPU
		{42D8D08A-9A29-402A-BCC3-C1E65BFF7371}.Debug|Any CPU.ActiveCfg = Debug|Any CPU
		{42D8D08A-9A29-402A-BCC3-C1E65BFF7371}.Debug|Any CPU.Build.0 = Debug|Any CPU
		{42D8D08A-9A29-402A-BCC3-C1E65BFF7371}.Release|Any CPU.ActiveCfg = Release|Any CPU
		{42D8D08A-9A29-402A-BCC3-C1E65BFF7371}.Release|Any CPU.Build.0 = Release|Any CPU
		{5C8FAEEC-F2FC-4003-8405-412974AF1975}.Debug|Any CPU.ActiveCfg = Debug|Any CPU
		{5C8FAEEC-F2FC-4003-8405-412974AF1975}.Debug|Any CPU.Build.0 = Debug|Any CPU
		{5C8FAEEC-F2FC-4003-8405-412974AF1975}.Release|Any CPU.ActiveCfg = Release|Any CPU
		{5C8FAEEC-F2FC-4003-8405-412974AF1975}.Release|Any CPU.Build.0 = Release|Any CPU
		{E9EEDC22-9F8A-477A-8992-FAB2A1054C37}.Debug|Any CPU.ActiveCfg = Debug|Any CPU
		{E9EEDC22-9F8A-477A-8992-FAB2A1054C37}.Debug|Any CPU.Build.0 = Debug|Any CPU
		{E9EEDC22-9F8A-477A-8992-FAB2A1054C37}.Release|Any CPU.ActiveCfg = Release|Any CPU
		{E9EEDC22-9F8A-477A-8992-FAB2A1054C37}.Release|Any CPU.Build.0 = Release|Any CPU
		{8ED03B76-91A9-42A4-9BE6-F1B4EF69847E}.Debug|Any CPU.ActiveCfg = Debug|Any CPU
		{8ED03B76-91A9-42A4-9BE6-F1B4EF69847E}.Debug|Any CPU.Build.0 = Debug|Any CPU
		{8ED03B76-91A9-42A4-9BE6-F1B4EF69847E}.Release|Any CPU.ActiveCfg = Release|Any CPU
		{8ED03B76-91A9-42A4-9BE6-F1B4EF69847E}.Release|Any CPU.Build.0 = Release|Any CPU
		{7F7FAA05-DD47-4699-992A-1DC58C78B7DB}.Debug|Any CPU.ActiveCfg = Debug|Any CPU
		{7F7FAA05-DD47-4699-992A-1DC58C78B7DB}.Debug|Any CPU.Build.0 = Debug|Any CPU
		{7F7FAA05-DD47-4699-992A-1DC58C78B7DB}.Release|Any CPU.ActiveCfg = Release|Any CPU
		{7F7FAA05-DD47-4699-992A-1DC58C78B7DB}.Release|Any CPU.Build.0 = Release|Any CPU
		{1BAEFB30-166C-416C-BC74-9DC56DA69853}.Debug|Any CPU.ActiveCfg = Debug|Any CPU
		{1BAEFB30-166C-416C-BC74-9DC56DA69853}.Debug|Any CPU.Build.0 = Debug|Any CPU
		{1BAEFB30-166C-416C-BC74-9DC56DA69853}.Release|Any CPU.ActiveCfg = Release|Any CPU
		{1BAEFB30-166C-416C-BC74-9DC56DA69853}.Release|Any CPU.Build.0 = Release|Any CPU
		{B68D2E9F-56D0-4425-B202-0BC51B92F211}.Debug|Any CPU.ActiveCfg = Debug|Any CPU
		{B68D2E9F-56D0-4425-B202-0BC51B92F211}.Debug|Any CPU.Build.0 = Debug|Any CPU
		{B68D2E9F-56D0-4425-B202-0BC51B92F211}.Release|Any CPU.ActiveCfg = Release|Any CPU
		{B68D2E9F-56D0-4425-B202-0BC51B92F211}.Release|Any CPU.Build.0 = Release|Any CPU
		{EE5FBD92-0527-4E54-BC3F-BAC7201F926F}.Debug|Any CPU.ActiveCfg = Debug|Any CPU
		{EE5FBD92-0527-4E54-BC3F-BAC7201F926F}.Debug|Any CPU.Build.0 = Debug|Any CPU
		{EE5FBD92-0527-4E54-BC3F-BAC7201F926F}.Release|Any CPU.ActiveCfg = Release|Any CPU
		{EE5FBD92-0527-4E54-BC3F-BAC7201F926F}.Release|Any CPU.Build.0 = Release|Any CPU
		{B315CD57-DDA0-4DB7-80F1-A9FB875565B6}.Debug|Any CPU.ActiveCfg = Debug|Any CPU
		{B315CD57-DDA0-4DB7-80F1-A9FB875565B6}.Debug|Any CPU.Build.0 = Debug|Any CPU
		{B315CD57-DDA0-4DB7-80F1-A9FB875565B6}.Release|Any CPU.ActiveCfg = Release|Any CPU
		{B315CD57-DDA0-4DB7-80F1-A9FB875565B6}.Release|Any CPU.Build.0 = Release|Any CPU
		{64F5A3B8-2875-45B7-809F-0757794955EB}.Debug|Any CPU.ActiveCfg = Debug|Any CPU
		{64F5A3B8-2875-45B7-809F-0757794955EB}.Debug|Any CPU.Build.0 = Debug|Any CPU
		{64F5A3B8-2875-45B7-809F-0757794955EB}.Release|Any CPU.ActiveCfg = Release|Any CPU
		{64F5A3B8-2875-45B7-809F-0757794955EB}.Release|Any CPU.Build.0 = Release|Any CPU
		{2E55C14E-5555-43B0-B004-B7773329AF90}.Debug|Any CPU.ActiveCfg = Debug|Any CPU
		{2E55C14E-5555-43B0-B004-B7773329AF90}.Debug|Any CPU.Build.0 = Debug|Any CPU
		{2E55C14E-5555-43B0-B004-B7773329AF90}.Release|Any CPU.ActiveCfg = Release|Any CPU
		{2E55C14E-5555-43B0-B004-B7773329AF90}.Release|Any CPU.Build.0 = Release|Any CPU
		{794507DA-B28B-4010-81BA-8F38A81C39AE}.Debug|Any CPU.ActiveCfg = Debug|Any CPU
		{794507DA-B28B-4010-81BA-8F38A81C39AE}.Debug|Any CPU.Build.0 = Debug|Any CPU
		{794507DA-B28B-4010-81BA-8F38A81C39AE}.Release|Any CPU.ActiveCfg = Release|Any CPU
		{794507DA-B28B-4010-81BA-8F38A81C39AE}.Release|Any CPU.Build.0 = Release|Any CPU
		{986C6649-7871-414D-A6BF-A4D361DBD338}.Debug|Any CPU.ActiveCfg = Debug|Any CPU
		{986C6649-7871-414D-A6BF-A4D361DBD338}.Debug|Any CPU.Build.0 = Debug|Any CPU
		{986C6649-7871-414D-A6BF-A4D361DBD338}.Release|Any CPU.ActiveCfg = Release|Any CPU
		{986C6649-7871-414D-A6BF-A4D361DBD338}.Release|Any CPU.Build.0 = Release|Any CPU
		{DA92C36A-4AE5-48FD-B0E6-9CD0DC88417C}.Debug|Any CPU.ActiveCfg = Debug|Any CPU
		{DA92C36A-4AE5-48FD-B0E6-9CD0DC88417C}.Debug|Any CPU.Build.0 = Debug|Any CPU
		{DA92C36A-4AE5-48FD-B0E6-9CD0DC88417C}.Release|Any CPU.ActiveCfg = Release|Any CPU
		{DA92C36A-4AE5-48FD-B0E6-9CD0DC88417C}.Release|Any CPU.Build.0 = Release|Any CPU
		{FB6886CA-D29F-4654-B287-B12DEB6C0C95}.Debug|Any CPU.ActiveCfg = Debug|Any CPU
		{FB6886CA-D29F-4654-B287-B12DEB6C0C95}.Debug|Any CPU.Build.0 = Debug|Any CPU
		{FB6886CA-D29F-4654-B287-B12DEB6C0C95}.Release|Any CPU.ActiveCfg = Release|Any CPU
		{FB6886CA-D29F-4654-B287-B12DEB6C0C95}.Release|Any CPU.Build.0 = Release|Any CPU
		{F6339C22-E038-4183-B2EE-3742F385C108}.Debug|Any CPU.ActiveCfg = Debug|Any CPU
		{F6339C22-E038-4183-B2EE-3742F385C108}.Debug|Any CPU.Build.0 = Debug|Any CPU
		{F6339C22-E038-4183-B2EE-3742F385C108}.Release|Any CPU.ActiveCfg = Release|Any CPU
		{F6339C22-E038-4183-B2EE-3742F385C108}.Release|Any CPU.Build.0 = Release|Any CPU
		{771B641B-A595-492D-BCA6-D01350F86C98}.Debug|Any CPU.ActiveCfg = Debug|Any CPU
		{771B641B-A595-492D-BCA6-D01350F86C98}.Debug|Any CPU.Build.0 = Debug|Any CPU
		{771B641B-A595-492D-BCA6-D01350F86C98}.Release|Any CPU.ActiveCfg = Release|Any CPU
		{771B641B-A595-492D-BCA6-D01350F86C98}.Release|Any CPU.Build.0 = Release|Any CPU
		{CA2FC3E0-A8CD-4D6E-B814-8217D201D292}.Debug|Any CPU.ActiveCfg = Debug|Any CPU
		{CA2FC3E0-A8CD-4D6E-B814-8217D201D292}.Debug|Any CPU.Build.0 = Debug|Any CPU
		{CA2FC3E0-A8CD-4D6E-B814-8217D201D292}.Release|Any CPU.ActiveCfg = Release|Any CPU
		{CA2FC3E0-A8CD-4D6E-B814-8217D201D292}.Release|Any CPU.Build.0 = Release|Any CPU
		{E912CBE2-57A9-40AC-BCA2-372152BFE7D7}.Debug|Any CPU.ActiveCfg = Debug|Any CPU
		{E912CBE2-57A9-40AC-BCA2-372152BFE7D7}.Debug|Any CPU.Build.0 = Debug|Any CPU
		{E912CBE2-57A9-40AC-BCA2-372152BFE7D7}.Release|Any CPU.ActiveCfg = Release|Any CPU
		{E912CBE2-57A9-40AC-BCA2-372152BFE7D7}.Release|Any CPU.Build.0 = Release|Any CPU
		{08383481-5DA8-4E78-85A3-8BB87B5E989B}.Debug|Any CPU.ActiveCfg = Debug|Any CPU
		{08383481-5DA8-4E78-85A3-8BB87B5E989B}.Debug|Any CPU.Build.0 = Debug|Any CPU
		{08383481-5DA8-4E78-85A3-8BB87B5E989B}.Release|Any CPU.ActiveCfg = Release|Any CPU
		{08383481-5DA8-4E78-85A3-8BB87B5E989B}.Release|Any CPU.Build.0 = Release|Any CPU
		{06B653B4-C44C-4D5D-9145-FAE57DC14050}.Debug|Any CPU.ActiveCfg = Debug|Any CPU
		{06B653B4-C44C-4D5D-9145-FAE57DC14050}.Debug|Any CPU.Build.0 = Debug|Any CPU
		{06B653B4-C44C-4D5D-9145-FAE57DC14050}.Release|Any CPU.ActiveCfg = Release|Any CPU
		{06B653B4-C44C-4D5D-9145-FAE57DC14050}.Release|Any CPU.Build.0 = Release|Any CPU
	EndGlobalSection
	GlobalSection(SolutionProperties) = preSolution
		HideSolutionNode = FALSE
	EndGlobalSection
	GlobalSection(NestedProjects) = preSolution
		{008AD88E-9E38-46D3-86F0-125560F66100} = {55CBD08B-A99F-4626-A40C-9254577B2CD1}
		{21148C2D-E66B-46E5-96F8-D93A19A56045} = {55CBD08B-A99F-4626-A40C-9254577B2CD1}
		{960BE6C2-03A7-412F-98CD-D24095AA2628} = {55CBD08B-A99F-4626-A40C-9254577B2CD1}
		{E7036583-5FE5-4D72-B92F-8EB2280B02BD} = {55CBD08B-A99F-4626-A40C-9254577B2CD1}
		{8CFB21F6-B407-4E2C-9FFF-17EEDCD11D22} = {55CBD08B-A99F-4626-A40C-9254577B2CD1}
		{AC3DE4CE-16D0-43BB-A0D2-CC519BB7E7CF} = {55CBD08B-A99F-4626-A40C-9254577B2CD1}
		{F24234AD-BDCA-4931-BE3C-C38ED09A352E} = {C5631108-3F50-4771-B8CF-C76CFDDDDE55}
		{8ED03B76-91A9-42A4-9BE6-F1B4EF69847E} = {04A907AB-E359-4374-89A0-5BEED2D1A3BE}
		{B68D2E9F-56D0-4425-B202-0BC51B92F211} = {93B66947-7059-4351-A28A-E5AFB3A3DFA5}
		{EE5FBD92-0527-4E54-BC3F-BAC7201F926F} = {0F3E6FD0-332E-4121-A2AD-EC3153C49AB0}
		{B315CD57-DDA0-4DB7-80F1-A9FB875565B6} = {0F3E6FD0-332E-4121-A2AD-EC3153C49AB0}
		{2E55C14E-5555-43B0-B004-B7773329AF90} = {679494D4-7969-4F6E-BF5B-9BFB236B172B}
		{794507DA-B28B-4010-81BA-8F38A81C39AE} = {679494D4-7969-4F6E-BF5B-9BFB236B172B}
		{986C6649-7871-414D-A6BF-A4D361DBD338} = {90406F16-AA6C-488C-88FD-23125386E592}
		{DA92C36A-4AE5-48FD-B0E6-9CD0DC88417C} = {90406F16-AA6C-488C-88FD-23125386E592}
		{FB6886CA-D29F-4654-B287-B12DEB6C0C95} = {90406F16-AA6C-488C-88FD-23125386E592}
		{F6339C22-E038-4183-B2EE-3742F385C108} = {79D1C177-F442-4DCC-930C-6955A36B3588}
		{CA2FC3E0-A8CD-4D6E-B814-8217D201D292} = {79D1C177-F442-4DCC-930C-6955A36B3588}
		{E912CBE2-57A9-40AC-BCA2-372152BFE7D7} = {E944A30F-566C-4148-9778-30BE87676CFA}
		{08383481-5DA8-4E78-85A3-8BB87B5E989B} = {79D1C177-F442-4DCC-930C-6955A36B3588}
		{06B653B4-C44C-4D5D-9145-FAE57DC14050} = {E944A30F-566C-4148-9778-30BE87676CFA}
	EndGlobalSection
	GlobalSection(ExtensibilityGlobals) = postSolution
		SolutionGuid = {2DC060E9-C762-46B9-AA23-B34AFA45B59E}
	EndGlobalSection
EndGlobal
