
Microsoft Visual Studio Solution File, Format Version 12.00
# Visual Studio 14
VisualStudioVersion = 14.0.25420.1
MinimumVisualStudioVersion = 10.0.40219.1
Project("{FAE04EC0-301F-11D3-BF4B-00C04F79EFBC}") = "testORM", "testORM\testORM.csproj", "{9B68E4DD-BA9B-4E30-A5CE-EDF1A856D65D}"
EndProject
Project("{FAE04EC0-301F-11D3-BF4B-00C04F79EFBC}") = "WebMVC", "WebMVC\WebMVC.csproj", "{67763F37-E243-482D-9102-17FF760C41C6}"
EndProject
Project("{8BB2217D-0F2D-49D1-97BC-3654ED321F3B}") = "WebCoreWindows", "WebCoreWindows\WebCoreWindows.xproj", "{0D86E423-31EA-4F6E-9BDB-A6EAB7667C40}"
EndProject
Project("{8BB2217D-0F2D-49D1-97BC-3654ED321F3B}") = "WebCore", "WebCore\WebCore.xproj", "{27444FB6-7309-4CAA-AC05-078F52F63C21}"
EndProject
Global
	GlobalSection(SolutionConfigurationPlatforms) = preSolution
		Debug|Any CPU = Debug|Any CPU
		Release|Any CPU = Release|Any CPU
	EndGlobalSection
	GlobalSection(ProjectConfigurationPlatforms) = postSolution
		{9B68E4DD-BA9B-4E30-A5CE-EDF1A856D65D}.Debug|Any CPU.ActiveCfg = Debug|Any CPU
		{9B68E4DD-BA9B-4E30-A5CE-EDF1A856D65D}.Debug|Any CPU.Build.0 = Debug|Any CPU
		{9B68E4DD-BA9B-4E30-A5CE-EDF1A856D65D}.Release|Any CPU.ActiveCfg = Release|Any CPU
		{9B68E4DD-BA9B-4E30-A5CE-EDF1A856D65D}.Release|Any CPU.Build.0 = Release|Any CPU
		{67763F37-E243-482D-9102-17FF760C41C6}.Debug|Any CPU.ActiveCfg = Debug|Any CPU
		{67763F37-E243-482D-9102-17FF760C41C6}.Debug|Any CPU.Build.0 = Debug|Any CPU
		{67763F37-E243-482D-9102-17FF760C41C6}.Release|Any CPU.ActiveCfg = Release|Any CPU
		{67763F37-E243-482D-9102-17FF760C41C6}.Release|Any CPU.Build.0 = Release|Any CPU
		{0D86E423-31EA-4F6E-9BDB-A6EAB7667C40}.Debug|Any CPU.ActiveCfg = Debug|Any CPU
		{0D86E423-31EA-4F6E-9BDB-A6EAB7667C40}.Debug|Any CPU.Build.0 = Debug|Any CPU
		{0D86E423-31EA-4F6E-9BDB-A6EAB7667C40}.Release|Any CPU.ActiveCfg = Release|Any CPU
		{0D86E423-31EA-4F6E-9BDB-A6EAB7667C40}.Release|Any CPU.Build.0 = Release|Any CPU
		{27444FB6-7309-4CAA-AC05-078F52F63C21}.Debug|Any CPU.ActiveCfg = Debug|Any CPU
		{27444FB6-7309-4CAA-AC05-078F52F63C21}.Debug|Any CPU.Build.0 = Debug|Any CPU
		{27444FB6-7309-4CAA-AC05-078F52F63C21}.Release|Any CPU.ActiveCfg = Release|Any CPU
		{27444FB6-7309-4CAA-AC05-078F52F63C21}.Release|Any CPU.Build.0 = Release|Any CPU
	EndGlobalSection
	GlobalSection(SolutionProperties) = preSolution
		HideSolutionNode = FALSE
	EndGlobalSection
EndGlobal
